
Microsoft Visual Studio Solution File, Format Version 12.00
# Visual Studio Version 17
VisualStudioVersion = 17.14.36616.10 d17.14
MinimumVisualStudioVersion = 10.0.40219.1
Project("{FAE04EC0-301F-11D3-BF4B-00C04F79EFBC}") = "XiaoyuToolbox", "XiaoyuToolbox\XiaoyuToolbox.csproj", "{F969D404-782B-4246-A923-E7615223DCF8}"
EndProject
Global
	GlobalSection(SolutionConfigurationPlatforms) = preSolution
		Debug|Any CPU = Debug|Any CPU
		Release|Any CPU = Release|Any CPU
	EndGlobalSection
	GlobalSection(ProjectConfigurationPlatforms) = postSolution
		{F969D404-782B-4246-A923-E7615223DCF8}.Debug|Any CPU.ActiveCfg = Debug|Any CPU
		{F969D404-782B-4246-A923-E7615223DCF8}.Debug|Any CPU.Build.0 = Debug|Any CPU
		{F969D404-782B-4246-A923-E7615223DCF8}.Release|Any CPU.ActiveCfg = Release|Any CPU
		{F969D404-782B-4246-A923-E7615223DCF8}.Release|Any CPU.Build.0 = Release|Any CPU
	EndGlobalSection
	GlobalSection(SolutionProperties) = preSolution
		HideSolutionNode = FALSE
	EndGlobalSection
	GlobalSection(ExtensibilityGlobals) = postSolution
		SolutionGuid = {A7AB6B46-FB0C-4366-A86B-85D83DC69192}
	EndGlobalSection
EndGlobal
